
Microsoft Visual Studio Solution File, Format Version 12.00
# Visual Studio Version 17
VisualStudioVersion = 17.13.35913.81
MinimumVisualStudioVersion = 10.0.40219.1
Project("{FAE04EC0-301F-11D3-BF4B-00C04F79EFBC}") = "ConsoleApp2", "ConsoleApp2\ConsoleApp2.csproj", "{9FBB9084-D581-4A80-A4CE-D1C120A18046}"
EndProject
Global
	GlobalSection(SolutionConfigurationPlatforms) = preSolution
		Debug|Any CPU = Debug|Any CPU
		Release|Any CPU = Release|Any CPU
	EndGlobalSection
	GlobalSection(ProjectConfigurationPlatforms) = postSolution
		{9FBB9084-D581-4A80-A4CE-D1C120A18046}.Debug|Any CPU.ActiveCfg = Debug|Any CPU
		{9FBB9084-D581-4A80-A4CE-D1C120A18046}.Debug|Any CPU.Build.0 = Debug|Any CPU
		{9FBB9084-D581-4A80-A4CE-D1C120A18046}.Release|Any CPU.ActiveCfg = Release|Any CPU
		{9FBB9084-D581-4A80-A4CE-D1C120A18046}.Release|Any CPU.Build.0 = Release|Any CPU
	EndGlobalSection
	GlobalSection(SolutionProperties) = preSolution
		HideSolutionNode = FALSE
	EndGlobalSection
	GlobalSection(ExtensibilityGlobals) = postSolution
		SolutionGuid = {FAE18BEE-7A86-4D90-BA66-DA3DE8A294FA}
	EndGlobalSection
EndGlobal
